# THIS IS AN AUTOGENERATED FILE. DO NOT EDIT THIS FILE DIRECTLY.
# yarn lockfile v1


"ibw-cli-lib@^1.0.0":
  "integrity" "sha1-NYqOx72SLXwZ02N2DXc5xJq5Mvk="
  "resolved" "https://registry.npmmirror.com/ibw-cli-lib/download/ibw-cli-lib-1.0.0.tgz?cache=0&sync_timestamp=1636107200229&other_urls=https%3A%2F%2Fregistry.npmmirror.com%2Fibw-cli-lib%2Fdownload%2Fibw-cli-lib-1.0.0.tgz"
  "version" "1.0.0"
